PODS:
  - AKQQManager (0.1.0):
    - AKQQSDK
  - AKQQSDK (0.1.0)

DEPENDENCIES:
  - AKQQManager (from `../`)
  - AKQQSDK (from `git@github.com:ArtisanKid/AKQQSDK.git`)

EXTERNAL SOURCES:
  AKQQManager:
    :path: ../
  AKQQSDK:
    :git: git@github.com:ArtisanKid/AKQQSDK.git

CHECKOUT OPTIONS:
  AKQQSDK:
    :commit: f07b74ecaaa547d6da66835cd08e1824302f1f60
    :git: git@github.com:ArtisanKid/AKQQSDK.git

SPEC CHECKSUMS:
  AKQQManager: dea3c4f070c9b7615851e07f2ba0bc5983e2614a
  AKQQSDK: 7e50541b5b8461ad9188052988daf79105edd4db

PODFILE CHECKSUM: 11a11916373952df8d2e05e8d4df8827c5512bf9

COCOAPODS: 1.2.1
