PODS:
  - AKQQManager (0.1.0):
    - AKQQSDK
  - AKQQSDK (0.1.0)

DEPENDENCIES:
  - AKQQManager (from `../`)
  - AKQQSDK (from `../../AKQQSDK`)

EXTERNAL SOURCES:
  AKQQManager:
    :path: ../
  AKQQSDK:
    :path: ../../AKQQSDK

SPEC CHECKSUMS:
  AKQQManager: 9787e33b56cde70947a42cad7b11b9ebcb147875
  AKQQSDK: 4cf6a078d0e2d120568cc3b6425ac35c922a4b16

PODFILE CHECKSUM: 617e5cf821139f9ebd184e80ddac10e103894af7

COCOAPODS: 1.1.1
